
Microsoft Visual Studio Solution File, Format Version 12.00
# Visual Studio Version 17
VisualStudioVersion = 17.11.35327.3
MinimumVisualStudioVersion = 10.0.40219.1
Project("{9A19103F-16F7-4668-BE54-9A1E7A4F7556}") = "CaddyBrowseDeleter", "CaddyBrowseDeleter\CaddyBrowseDeleter.csproj", "{21BC8447-908F-43C2-B191-BD0C9E0F15D5}"
EndProject
Global
	GlobalSection(SolutionConfigurationPlatforms) = preSolution
		Debug|Any CPU = Debug|Any CPU
		Release|Any CPU = Release|Any CPU
	EndGlobalSection
	GlobalSection(ProjectConfigurationPlatforms) = postSolution
		{21BC8447-908F-43C2-B191-BD0C9E0F15D5}.Debug|Any CPU.ActiveCfg = Debug|Any CPU
		{21BC8447-908F-43C2-B191-BD0C9E0F15D5}.Debug|Any CPU.Build.0 = Debug|Any CPU
		{21BC8447-908F-43C2-B191-BD0C9E0F15D5}.Release|Any CPU.ActiveCfg = Release|Any CPU
		{21BC8447-908F-43C2-B191-BD0C9E0F15D5}.Release|Any CPU.Build.0 = Release|Any CPU
	EndGlobalSection
	GlobalSection(SolutionProperties) = preSolution
		HideSolutionNode = FALSE
	EndGlobalSection
	GlobalSection(ExtensibilityGlobals) = postSolution
		SolutionGuid = {5AB302A7-167C-4448-A833-6F95100BEBD2}
	EndGlobalSection
EndGlobal
